// !$*UTF8*$!
{
	archiveVersion = 1;
	classes = {
	};
	objectVersion = 52;
	objects = {

/* Begin PBXBuildFile section */
		222681D9253F48CA00CA21FA /* GiphyWrappers.swift in Sources */ = {isa = PBXBuildFile; fileRef = 222681D8253F48CA00CA21FA /* GiphyWrappers.swift */; };
		22BB8BEB253EF02000A52F9C /* GiphySDK.h in Headers */ = {isa = PBXBuildFile; fileRef = 22BB8BDD253EF02000A52F9C /* GiphySDK.h */; settings = {ATTRIBUTES = (Public, ); }; };
		22BD8DFE254085D6005F0675 /* WebPMux.framework in Frameworks */ = {isa = PBXBuildFile; fileRef = 22BD8DE9254085D6005F0675 /* WebPMux.framework */; };
		22BD8E03254085D6005F0675 /* WebPDecoder.framework in Frameworks */ = {isa = PBXBuildFile; fileRef = 22BD8DEF254085D6005F0675 /* WebPDecoder.framework */; };
		22BD8E05254085D6005F0675 /* README in Resources */ = {isa = PBXBuildFile; fileRef = 22BD8DF1254085D6005F0675 /* README */; };
		22BD8E09254085D6005F0675 /* WebPDemux.framework in Frameworks */ = {isa = PBXBuildFile; fileRef = 22BD8DF6254085D6005F0675 /* WebPDemux.framework */; };
		22BD8E1225408601005F0675 /* WebPMux.xcframework in Frameworks */ = {isa = PBXBuildFile; fileRef = 22BD8DF8254085D6005F0675 /* WebPMux.xcframework */; };
		22BD8E1325408601005F0675 /* WebPMux.xcframework in Embed Frameworks */ = {isa = PBXBuildFile; fileRef = 22BD8DF8254085D6005F0675 /* WebPMux.xcframework */; settings = {ATTRIBUTES = (RemoveHeadersOnCopy, ); }; };
		22BD8E1725408605005F0675 /* WebPDemux.xcframework in Frameworks */ = {isa = PBXBuildFile; fileRef = 22BD8DFA254085D6005F0675 /* WebPDemux.xcframework */; };
		22BD8E1825408605005F0675 /* WebPDemux.xcframework in Embed Frameworks */ = {isa = PBXBuildFile; fileRef = 22BD8DFA254085D6005F0675 /* WebPDemux.xcframework */; settings = {ATTRIBUTES = (RemoveHeadersOnCopy, ); }; };
		22BD8E1B25408608005F0675 /* WebPDecoder.xcframework in Frameworks */ = {isa = PBXBuildFile; fileRef = 22BD8DF9254085D6005F0675 /* WebPDecoder.xcframework */; };
		22BD8E1C25408608005F0675 /* WebPDecoder.xcframework in Embed Frameworks */ = {isa = PBXBuildFile; fileRef = 22BD8DF9254085D6005F0675 /* WebPDecoder.xcframework */; settings = {ATTRIBUTES = (RemoveHeadersOnCopy, ); }; };
		22BD8E1F2540860B005F0675 /* WebP.xcframework in Frameworks */ = {isa = PBXBuildFile; fileRef = 22BD8DFB254085D6005F0675 /* WebP.xcframework */; };
		22BD8E202540860B005F0675 /* WebP.xcframework in Embed Frameworks */ = {isa = PBXBuildFile; fileRef = 22BD8DFB254085D6005F0675 /* WebP.xcframework */; settings = {ATTRIBUTES = (RemoveHeadersOnCopy, ); }; };
		22BD8E232540860E005F0675 /* GiphyUISDK.xcframework in Frameworks */ = {isa = PBXBuildFile; fileRef = 22BD8DFD254085D6005F0675 /* GiphyUISDK.xcframework */; };
		22BD8E242540860E005F0675 /* GiphyUISDK.xcframework in Embed Frameworks */ = {isa = PBXBuildFile; fileRef = 22BD8DFD254085D6005F0675 /* GiphyUISDK.xcframework */; settings = {ATTRIBUTES = (RemoveHeadersOnCopy, ); }; };
		22BD8E2525408610005F0675 /* GiphyCoreSDK.xcframework in Frameworks */ = {isa = PBXBuildFile; fileRef = 22BD8DFC254085D6005F0675 /* GiphyCoreSDK.xcframework */; };
		22BD8E2625408610005F0675 /* GiphyCoreSDK.xcframework in Embed Frameworks */ = {isa = PBXBuildFile; fileRef = 22BD8DFC254085D6005F0675 /* GiphyCoreSDK.xcframework */; settings = {ATTRIBUTES = (RemoveHeadersOnCopy, ); }; };
/* End PBXBuildFile section */

/* Begin PBXCopyFilesBuildPhase section */
		22BD8E1425408601005F0675 /* Embed Frameworks */ = {
			isa = PBXCopyFilesBuildPhase;
			buildActionMask = 2147483647;
			dstPath = "";
			dstSubfolderSpec = 10;
			files = (
				22BD8E1C25408608005F0675 /* WebPDecoder.xcframework in Embed Frameworks */,
				22BD8E1825408605005F0675 /* WebPDemux.xcframework in Embed Frameworks */,
				22BD8E242540860E005F0675 /* GiphyUISDK.xcframework in Embed Frameworks */,
				22BD8E202540860B005F0675 /* WebP.xcframework in Embed Frameworks */,
				22BD8E1325408601005F0675 /* WebPMux.xcframework in Embed Frameworks */,
				22BD8E2625408610005F0675 /* GiphyCoreSDK.xcframework in Embed Frameworks */,
			);
			name = "Embed Frameworks";
			runOnlyForDeploymentPostprocessing = 0;
		};
/* End PBXCopyFilesBuildPhase section */

/* Begin PBXFileReference section */
		0E1D6421C2B509942F143E9A /* Pods-GiphySDK.release.xcconfig */ = {isa = PBXFileReference; includeInIndex = 1; lastKnownFileType = text.xcconfig; name = "Pods-GiphySDK.release.xcconfig"; path = "Target Support Files/Pods-GiphySDK/Pods-GiphySDK.release.xcconfig"; sourceTree = "<group>"; };
		222681D8253F48CA00CA21FA /* GiphyWrappers.swift */ = {isa = PBXFileReference; lastKnownFileType = sourcecode.swift; path = GiphyWrappers.swift; sourceTree = "<group>"; };
		22BB8BDA253EF02000A52F9C /* GiphySDK.framework */ = {isa = PBXFileReference; explicitFileType = wrapper.framework; includeInIndex = 0; path = GiphySDK.framework; sourceTree = BUILT_PRODUCTS_DIR; };
		22BB8BDD253EF02000A52F9C /* GiphySDK.h */ = {isa = PBXFileReference; lastKnownFileType = sourcecode.c.h; path = GiphySDK.h; sourceTree = "<group>"; };
		22BB8BDE253EF02000A52F9C /* Info.plist */ = {isa = PBXFileReference; lastKnownFileType = text.plist.xml; path = Info.plist; sourceTree = "<group>"; };
		22BD8DD425407D3D005F0675 /* Package.swift */ = {isa = PBXFileReference; fileEncoding = 4; lastKnownFileType = sourcecode.swift; name = Package.swift; path = ../Package.swift; sourceTree = "<group>"; };
		22BD8DE9254085D6005F0675 /* WebPMux.framework */ = {isa = PBXFileReference; lastKnownFileType = wrapper.framework; path = WebPMux.framework; sourceTree = "<group>"; };
		22BD8DEA254085D6005F0675 /* WebP.framework */ = {isa = PBXFileReference; lastKnownFileType = wrapper.framework; path = WebP.framework; sourceTree = "<group>"; };
		22BD8DEB254085D6005F0675 /* WebPDecoder.framework */ = {isa = PBXFileReference; lastKnownFileType = wrapper.framework; path = WebPDecoder.framework; sourceTree = "<group>"; };
		22BD8DED254085D6005F0675 /* WebPMux.framework */ = {isa = PBXFileReference; lastKnownFileType = wrapper.framework; path = WebPMux.framework; sourceTree = "<group>"; };
		22BD8DEE254085D6005F0675 /* WebP.framework */ = {isa = PBXFileReference; lastKnownFileType = wrapper.framework; path = WebP.framework; sourceTree = "<group>"; };
		22BD8DEF254085D6005F0675 /* WebPDecoder.framework */ = {isa = PBXFileReference; lastKnownFileType = wrapper.framework; path = WebPDecoder.framework; sourceTree = "<group>"; };
		22BD8DF0254085D6005F0675 /* WebPDemux.framework */ = {isa = PBXFileReference; lastKnownFileType = wrapper.framework; path = WebPDemux.framework; sourceTree = "<group>"; };
		22BD8DF1254085D6005F0675 /* README */ = {isa = PBXFileReference; fileEncoding = 4; lastKnownFileType = text; path = README; sourceTree = "<group>"; };
		22BD8DF3254085D6005F0675 /* WebPMux.framework */ = {isa = PBXFileReference; lastKnownFileType = wrapper.framework; path = WebPMux.framework; sourceTree = "<group>"; };
		22BD8DF4254085D6005F0675 /* WebP.framework */ = {isa = PBXFileReference; lastKnownFileType = wrapper.framework; path = WebP.framework; sourceTree = "<group>"; };
		22BD8DF5254085D6005F0675 /* WebPDecoder.framework */ = {isa = PBXFileReference; lastKnownFileType = wrapper.framework; path = WebPDecoder.framework; sourceTree = "<group>"; };
		22BD8DF6254085D6005F0675 /* WebPDemux.framework */ = {isa = PBXFileReference; lastKnownFileType = wrapper.framework; path = WebPDemux.framework; sourceTree = "<group>"; };
		22BD8DF7254085D6005F0675 /* WebPDemux.framework */ = {isa = PBXFileReference; lastKnownFileType = wrapper.framework; path = WebPDemux.framework; sourceTree = "<group>"; };
		22BD8DF8254085D6005F0675 /* WebPMux.xcframework */ = {isa = PBXFileReference; lastKnownFileType = wrapper.xcframework; path = WebPMux.xcframework; sourceTree = "<group>"; };
		22BD8DF9254085D6005F0675 /* WebPDecoder.xcframework */ = {isa = PBXFileReference; lastKnownFileType = wrapper.xcframework; path = WebPDecoder.xcframework; sourceTree = "<group>"; };
		22BD8DFA254085D6005F0675 /* WebPDemux.xcframework */ = {isa = PBXFileReference; lastKnownFileType = wrapper.xcframework; path = WebPDemux.xcframework; sourceTree = "<group>"; };
		22BD8DFB254085D6005F0675 /* WebP.xcframework */ = {isa = PBXFileReference; lastKnownFileType = wrapper.xcframework; path = WebP.xcframework; sourceTree = "<group>"; };
		22BD8DFC254085D6005F0675 /* GiphyCoreSDK.xcframework */ = {isa = PBXFileReference; lastKnownFileType = wrapper.xcframework; path = GiphyCoreSDK.xcframework; sourceTree = "<group>"; };
		22BD8DFD254085D6005F0675 /* GiphyUISDK.xcframework */ = {isa = PBXFileReference; lastKnownFileType = wrapper.xcframework; path = GiphyUISDK.xcframework; sourceTree = "<group>"; };
		43CBE73C6327C99C615CC149 /* Pods-Giphy.debug.xcconfig */ = {isa = PBXFileReference; includeInIndex = 1; lastKnownFileType = text.xcconfig; name = "Pods-Giphy.debug.xcconfig"; path = "Target Support Files/Pods-Giphy/Pods-Giphy.debug.xcconfig"; sourceTree = "<group>"; };
		589DE54B5117BC84CDDA0C84 /* Pods-Giphy.release.xcconfig */ = {isa = PBXFileReference; includeInIndex = 1; lastKnownFileType = text.xcconfig; name = "Pods-Giphy.release.xcconfig"; path = "Target Support Files/Pods-Giphy/Pods-Giphy.release.xcconfig"; sourceTree = "<group>"; };
		6E7A050854892B1646B07772 /* Pods-GiphySDK.debug.xcconfig */ = {isa = PBXFileReference; includeInIndex = 1; lastKnownFileType = text.xcconfig; name = "Pods-GiphySDK.debug.xcconfig"; path = "Target Support Files/Pods-GiphySDK/Pods-GiphySDK.debug.xcconfig"; sourceTree = "<group>"; };
/* End PBXFileReference section */

/* Begin PBXFrameworksBuildPhase section */
		22BB8BD7253EF02000A52F9C /* Frameworks */ = {
			isa = PBXFrameworksBuildPhase;
			buildActionMask = 2147483647;
			files = (
				22BD8E1225408601005F0675 /* WebPMux.xcframework in Frameworks */,
				22BD8E232540860E005F0675 /* GiphyUISDK.xcframework in Frameworks */,
				22BD8E1725408605005F0675 /* WebPDemux.xcframework in Frameworks */,
				22BD8E1F2540860B005F0675 /* WebP.xcframework in Frameworks */,
				22BD8E03254085D6005F0675 /* WebPDecoder.framework in Frameworks */,
				22BD8E09254085D6005F0675 /* WebPDemux.framework in Frameworks */,
				22BD8E1B25408608005F0675 /* WebPDecoder.xcframework in Frameworks */,
				22BD8DFE254085D6005F0675 /* WebPMux.framework in Frameworks */,
				22BD8E2525408610005F0675 /* GiphyCoreSDK.xcframework in Frameworks */,
			);
			runOnlyForDeploymentPostprocessing = 0;
		};
/* End PBXFrameworksBuildPhase section */

/* Begin PBXGroup section */
		1D58A606C2700FB988241462 /* Pods */ = {
			isa = PBXGroup;
			children = (
				6E7A050854892B1646B07772 /* Pods-GiphySDK.debug.xcconfig */,
				0E1D6421C2B509942F143E9A /* Pods-GiphySDK.release.xcconfig */,
				43CBE73C6327C99C615CC149 /* Pods-Giphy.debug.xcconfig */,
				589DE54B5117BC84CDDA0C84 /* Pods-Giphy.release.xcconfig */,
			);
			path = Pods;
			sourceTree = "<group>";
		};
		22BB8BD0253EF02000A52F9C = {
			isa = PBXGroup;
			children = (
				22BD8DE7254085D6005F0675 /* Frameworks */,
				22BD8DD425407D3D005F0675 /* Package.swift */,
				22BB8BDC253EF02000A52F9C /* GiphySDK */,
				22BB8BDB253EF02000A52F9C /* Products */,
				1D58A606C2700FB988241462 /* Pods */,
				88C5D90191127196F1CB4C46 /* Frameworks */,
			);
			sourceTree = "<group>";
		};
		22BB8BDB253EF02000A52F9C /* Products */ = {
			isa = PBXGroup;
			children = (
				22BB8BDA253EF02000A52F9C /* GiphySDK.framework */,
			);
			name = Products;
			sourceTree = "<group>";
		};
		22BB8BDC253EF02000A52F9C /* GiphySDK */ = {
			isa = PBXGroup;
			children = (
				22BB8BDD253EF02000A52F9C /* GiphySDK.h */,
				222681D8253F48CA00CA21FA /* GiphyWrappers.swift */,
				22BB8BDE253EF02000A52F9C /* Info.plist */,
			);
			path = GiphySDK;
			sourceTree = "<group>";
		};
		22BD8DE7254085D6005F0675 /* Frameworks */ = {
			isa = PBXGroup;
			children = (
				22BD8DE8254085D6005F0675 /* libwebp-1.1.0-ios-framework */,
				22BD8DF8254085D6005F0675 /* WebPMux.xcframework */,
				22BD8DF9254085D6005F0675 /* WebPDecoder.xcframework */,
				22BD8DFA254085D6005F0675 /* WebPDemux.xcframework */,
				22BD8DFB254085D6005F0675 /* WebP.xcframework */,
				22BD8DFC254085D6005F0675 /* GiphyCoreSDK.xcframework */,
				22BD8DFD254085D6005F0675 /* GiphyUISDK.xcframework */,
			);
			name = Frameworks;
			path = ../GiphySPM/Sources/Frameworks;
			sourceTree = "<group>";
		};
		22BD8DE8254085D6005F0675 /* libwebp-1.1.0-ios-framework */ = {
			isa = PBXGroup;
			children = (
				22BD8DE9254085D6005F0675 /* WebPMux.framework */,
				22BD8DEA254085D6005F0675 /* WebP.framework */,
				22BD8DEB254085D6005F0675 /* WebPDecoder.framework */,
				22BD8DEC254085D6005F0675 /* ios */,
				22BD8DF1254085D6005F0675 /* README */,
				22BD8DF2254085D6005F0675 /* simulator */,
				22BD8DF7254085D6005F0675 /* WebPDemux.framework */,
			);
			path = "libwebp-1.1.0-ios-framework";
			sourceTree = "<group>";
		};
		22BD8DEC254085D6005F0675 /* ios */ = {
			isa = PBXGroup;
			children = (
				22BD8DED254085D6005F0675 /* WebPMux.framework */,
				22BD8DEE254085D6005F0675 /* WebP.framework */,
				22BD8DEF254085D6005F0675 /* WebPDecoder.framework */,
				22BD8DF0254085D6005F0675 /* WebPDemux.framework */,
			);
			path = ios;
			sourceTree = "<group>";
		};
		22BD8DF2254085D6005F0675 /* simulator */ = {
			isa = PBXGroup;
			children = (
				22BD8DF3254085D6005F0675 /* WebPMux.framework */,
				22BD8DF4254085D6005F0675 /* WebP.framework */,
				22BD8DF5254085D6005F0675 /* WebPDecoder.framework */,
				22BD8DF6254085D6005F0675 /* WebPDemux.framework */,
			);
			path = simulator;
			sourceTree = "<group>";
		};
		88C5D90191127196F1CB4C46 /* Frameworks */ = {
			isa = PBXGroup;
			children = (
			);
			name = Frameworks;
			sourceTree = "<group>";
		};
/* End PBXGroup section */

/* Begin PBXHeadersBuildPhase section */
		22BB8BD5253EF02000A52F9C /* Headers */ = {
			isa = PBXHeadersBuildPhase;
			buildActionMask = 2147483647;
			files = (
				22BB8BEB253EF02000A52F9C /* GiphySDK.h in Headers */,
			);
			runOnlyForDeploymentPostprocessing = 0;
		};
/* End PBXHeadersBuildPhase section */

/* Begin PBXNativeTarget section */
		22BB8BD9253EF02000A52F9C /* GiphySDK */ = {
			isa = PBXNativeTarget;
			buildConfigurationList = 22BB8BEE253EF02000A52F9C /* Build configuration list for PBXNativeTarget "GiphySDK" */;
			buildPhases = (
				34DF2897A42349DCD88A42E1 /* [CP] Check Pods Manifest.lock */,
				22BB8BD5253EF02000A52F9C /* Headers */,
				22BB8BD6253EF02000A52F9C /* Sources */,
				22BB8BD7253EF02000A52F9C /* Frameworks */,
				22BB8BD8253EF02000A52F9C /* Resources */,
				22BD8E1425408601005F0675 /* Embed Frameworks */,
			);
			buildRules = (
			);
			dependencies = (
			);
			name = GiphySDK;
			productName = GiphySDK;
			productReference = 22BB8BDA253EF02000A52F9C /* GiphySDK.framework */;
			productType = "com.apple.product-type.framework";
		};
/* End PBXNativeTarget section */

/* Begin PBXProject section */
		22BB8BD1253EF02000A52F9C /* Project object */ = {
			isa = PBXProject;
			attributes = {
				LastSwiftUpdateCheck = 1200;
				LastUpgradeCheck = 1200;
				TargetAttributes = {
					22BB8BD9253EF02000A52F9C = {
						CreatedOnToolsVersion = 12.0.1;
						LastSwiftMigration = 1200;
					};
				};
			};
			buildConfigurationList = 22BB8BD4253EF02000A52F9C /* Build configuration list for PBXProject "GiphySDK" */;
			compatibilityVersion = "Xcode 9.3";
			developmentRegion = en;
			hasScannedForEncodings = 0;
			knownRegions = (
				en,
				Base,
			);
			mainGroup = 22BB8BD0253EF02000A52F9C;
			productRefGroup = 22BB8BDB253EF02000A52F9C /* Products */;
			projectDirPath = "";
			projectRoot = "";
			targets = (
				22BB8BD9253EF02000A52F9C /* GiphySDK */,
			);
		};
/* End PBXProject section */

/* Begin PBXResourcesBuildPhase section */
		22BB8BD8253EF02000A52F9C /* Resources */ = {
			isa = PBXResourcesBuildPhase;
			buildActionMask = 2147483647;
			files = (
				22BD8E05254085D6005F0675 /* README in Resources */,
			);
			runOnlyForDeploymentPostprocessing = 0;
		};
/* End PBXResourcesBuildPhase section */

/* Begin PBXShellScriptBuildPhase section */
		34DF2897A42349DCD88A42E1 /* [CP] Check Pods Manifest.lock */ = {
			isa = PBXShellScriptBuildPhase;
			buildActionMask = 2147483647;
			files = (
			);
			inputFileListPaths = (
			);
			inputPaths = (
				"${PODS_PODFILE_DIR_PATH}/Podfile.lock",
				"${PODS_ROOT}/Manifest.lock",
			);
			name = "[CP] Check Pods Manifest.lock";
			outputFileListPaths = (
			);
			outputPaths = (
				"$(DERIVED_FILE_DIR)/Pods-GiphySDK-checkManifestLockResult.txt",
			);
			runOnlyForDeploymentPostprocessing = 0;
			shellPath = /bin/sh;
			shellScript = "diff \"${PODS_PODFILE_DIR_PATH}/Podfile.lock\" \"${PODS_ROOT}/Manifest.lock\" > /dev/null\nif [ $? != 0 ] ; then\n    # print error to STDERR\n    echo \"error: The sandbox is not in sync with the Podfile.lock. Run 'pod install' or update your CocoaPods installation.\" >&2\n    exit 1\nfi\n# This output is used by Xcode 'outputs' to avoid re-running this script phase.\necho \"SUCCESS\" > \"${SCRIPT_OUTPUT_FILE_0}\"\n";
			showEnvVarsInLog = 0;
		};
/* End PBXShellScriptBuildPhase section */

/* Begin PBXSourcesBuildPhase section */
		22BB8BD6253EF02000A52F9C /* Sources */ = {
			isa = PBXSourcesBuildPhase;
			buildActionMask = 2147483647;
			files = (
				222681D9253F48CA00CA21FA /* GiphyWrappers.swift in Sources */,
			);
			runOnlyForDeploymentPostprocessing = 0;
		};
/* End PBXSourcesBuildPhase section */

/* Begin XCBuildConfiguration section */
		22BB8BEC253EF02000A52F9C /* Debug */ = {
			isa = XCBuildConfiguration;
			buildSettings = {
				ALWAYS_SEARCH_USER_PATHS = NO;
				CLANG_ANALYZER_NONNULL = YES;
				CLANG_ANALYZER_NUMBER_OBJECT_CONVERSION = YES_AGGRESSIVE;
				CLANG_CXX_LANGUAGE_STANDARD = "gnu++14";
				CLANG_CXX_LIBRARY = "libc++";
				CLANG_ENABLE_MODULES = YES;
				CLANG_ENABLE_OBJC_ARC = YES;
				CLANG_ENABLE_OBJC_WEAK = YES;
				CLANG_WARN_BLOCK_CAPTURE_AUTORELEASING = YES;
				CLANG_WARN_BOOL_CONVERSION = YES;
				CLANG_WARN_COMMA = YES;
				CLANG_WARN_CONSTANT_CONVERSION = YES;
				CLANG_WARN_DEPRECATED_OBJC_IMPLEMENTATIONS = YES;
				CLANG_WARN_DIRECT_OBJC_ISA_USAGE = YES_ERROR;
				CLANG_WARN_DOCUMENTATION_COMMENTS = YES;
				CLANG_WARN_EMPTY_BODY = YES;
				CLANG_WARN_ENUM_CONVERSION = YES;
				CLANG_WARN_INFINITE_RECURSION = YES;
				CLANG_WARN_INT_CONVERSION = YES;
				CLANG_WARN_NON_LITERAL_NULL_CONVERSION = YES;
				CLANG_WARN_OBJC_IMPLICIT_RETAIN_SELF = YES;
				CLANG_WARN_OBJC_LITERAL_CONVERSION = YES;
				CLANG_WARN_OBJC_ROOT_CLASS = YES_ERROR;
				CLANG_WARN_QUOTED_INCLUDE_IN_FRAMEWORK_HEADER = YES;
				CLANG_WARN_RANGE_LOOP_ANALYSIS = YES;
				CLANG_WARN_STRICT_PROTOTYPES = YES;
				CLANG_WARN_SUSPICIOUS_MOVE = YES;
				CLANG_WARN_UNGUARDED_AVAILABILITY = YES_AGGRESSIVE;
				CLANG_WARN_UNREACHABLE_CODE = YES;
				CLANG_WARN__DUPLICATE_METHOD_MATCH = YES;
				COPY_PHASE_STRIP = NO;
				CURRENT_PROJECT_VERSION = 1;
				DEBUG_INFORMATION_FORMAT = dwarf;
				ENABLE_STRICT_OBJC_MSGSEND = YES;
				ENABLE_TESTABILITY = YES;
				GCC_C_LANGUAGE_STANDARD = gnu11;
				GCC_DYNAMIC_NO_PIC = NO;
				GCC_NO_COMMON_BLOCKS = YES;
				GCC_OPTIMIZATION_LEVEL = 0;
				GCC_PREPROCESSOR_DEFINITIONS = (
					"DEBUG=1",
					"$(inherited)",
				);
				GCC_WARN_64_TO_32_BIT_CONVERSION = YES;
				GCC_WARN_ABOUT_RETURN_TYPE = YES_ERROR;
				GCC_WARN_UNDECLARED_SELECTOR = YES;
				GCC_WARN_UNINITIALIZED_AUTOS = YES_AGGRESSIVE;
				GCC_WARN_UNUSED_FUNCTION = YES;
				GCC_WARN_UNUSED_VARIABLE = YES;
				IPHONEOS_DEPLOYMENT_TARGET = 14.0;
				MTL_ENABLE_DEBUG_INFO = INCLUDE_SOURCE;
				MTL_FAST_MATH = YES;
				ONLY_ACTIVE_ARCH = YES;
				SDKROOT = iphoneos;
				SWIFT_ACTIVE_COMPILATION_CONDITIONS = DEBUG;
				SWIFT_OPTIMIZATION_LEVEL = "-Onone";
				VERSIONING_SYSTEM = "apple-generic";
				VERSION_INFO_PREFIX = "";
			};
			name = Debug;
		};
		22BB8BED253EF02000A52F9C /* Release */ = {
			isa = XCBuildConfiguration;
			buildSettings = {
				ALWAYS_SEARCH_USER_PATHS = NO;
				CLANG_ANALYZER_NONNULL = YES;
				CLANG_ANALYZER_NUMBER_OBJECT_CONVERSION = YES_AGGRESSIVE;
				CLANG_CXX_LANGUAGE_STANDARD = "gnu++14";
				CLANG_CXX_LIBRARY = "libc++";
				CLANG_ENABLE_MODULES = YES;
				CLANG_ENABLE_OBJC_ARC = YES;
				CLANG_ENABLE_OBJC_WEAK = YES;
				CLANG_WARN_BLOCK_CAPTURE_AUTORELEASING = YES;
				CLANG_WARN_BOOL_CONVERSION = YES;
				CLANG_WARN_COMMA = YES;
				CLANG_WARN_CONSTANT_CONVERSION = YES;
				CLANG_WARN_DEPRECATED_OBJC_IMPLEMENTATIONS = YES;
				CLANG_WARN_DIRECT_OBJC_ISA_USAGE = YES_ERROR;
				CLANG_WARN_DOCUMENTATION_COMMENTS = YES;
				CLANG_WARN_EMPTY_BODY = YES;
				CLANG_WARN_ENUM_CONVERSION = YES;
				CLANG_WARN_INFINITE_RECURSION = YES;
				CLANG_WARN_INT_CONVERSION = YES;
				CLANG_WARN_NON_LITERAL_NULL_CONVERSION = YES;
				CLANG_WARN_OBJC_IMPLICIT_RETAIN_SELF = YES;
				CLANG_WARN_OBJC_LITERAL_CONVERSION = YES;
				CLANG_WARN_OBJC_ROOT_CLASS = YES_ERROR;
				CLANG_WARN_QUOTED_INCLUDE_IN_FRAMEWORK_HEADER = YES;
				CLANG_WARN_RANGE_LOOP_ANALYSIS = YES;
				CLANG_WARN_STRICT_PROTOTYPES = YES;
				CLANG_WARN_SUSPICIOUS_MOVE = YES;
				CLANG_WARN_UNGUARDED_AVAILABILITY = YES_AGGRESSIVE;
				CLANG_WARN_UNREACHABLE_CODE = YES;
				CLANG_WARN__DUPLICATE_METHOD_MATCH = YES;
				COPY_PHASE_STRIP = NO;
				CURRENT_PROJECT_VERSION = 1;
				DEBUG_INFORMATION_FORMAT = "dwarf-with-dsym";
				ENABLE_NS_ASSERTIONS = NO;
				ENABLE_STRICT_OBJC_MSGSEND = YES;
				GCC_C_LANGUAGE_STANDARD = gnu11;
				GCC_NO_COMMON_BLOCKS = YES;
				GCC_WARN_64_TO_32_BIT_CONVERSION = YES;
				GCC_WARN_ABOUT_RETURN_TYPE = YES_ERROR;
				GCC_WARN_UNDECLARED_SELECTOR = YES;
				GCC_WARN_UNINITIALIZED_AUTOS = YES_AGGRESSIVE;
				GCC_WARN_UNUSED_FUNCTION = YES;
				GCC_WARN_UNUSED_VARIABLE = YES;
				IPHONEOS_DEPLOYMENT_TARGET = 14.0;
				MTL_ENABLE_DEBUG_INFO = NO;
				MTL_FAST_MATH = YES;
				SDKROOT = iphoneos;
				SWIFT_COMPILATION_MODE = wholemodule;
				SWIFT_OPTIMIZATION_LEVEL = "-O";
				VALIDATE_PRODUCT = YES;
				VERSIONING_SYSTEM = "apple-generic";
				VERSION_INFO_PREFIX = "";
			};
			name = Release;
		};
		22BB8BEF253EF02000A52F9C /* Debug */ = {
			isa = XCBuildConfiguration;
			baseConfigurationReference = 6E7A050854892B1646B07772 /* Pods-GiphySDK.debug.xcconfig */;
			buildSettings = {
				CLANG_ENABLE_MODULES = YES;
				CODE_SIGN_STYLE = Automatic;
				DEFINES_MODULE = YES;
				DEVELOPMENT_TEAM = SPANKN7XYM;
				DYLIB_COMPATIBILITY_VERSION = 1;
				DYLIB_CURRENT_VERSION = 1;
				DYLIB_INSTALL_NAME_BASE = "@rpath";
				INFOPLIST_FILE = GiphySDK/Info.plist;
				INSTALL_PATH = "$(LOCAL_LIBRARY_DIR)/Frameworks";
				IPHONEOS_DEPLOYMENT_TARGET = 12.0;
				LD_RUNPATH_SEARCH_PATHS = (
					"$(inherited)",
					"@executable_path/Frameworks",
					"@loader_path/Frameworks",
				);
				PRODUCT_BUNDLE_IDENTIFIER = "Core-se.GiphySDK";
				PRODUCT_NAME = "$(TARGET_NAME:c99extidentifier)";
				SKIP_INSTALL = YES;
				SUPPORTS_MACCATALYST = NO;
				SWIFT_OPTIMIZATION_LEVEL = "-Onone";
				SWIFT_VERSION = 5.0;
				TARGETED_DEVICE_FAMILY = "1,2";
			};
			name = Debug;
		};
		22BB8BF0253EF02000A52F9C /* Release */ = {
			isa = XCBuildConfiguration;
			baseConfigurationReference = 0E1D6421C2B509942F143E9A /* Pods-GiphySDK.release.xcconfig */;
			buildSettings = {
				CLANG_ENABLE_MODULES = YES;
				CODE_SIGN_STYLE = Automatic;
				DEFINES_MODULE = YES;
				DEVELOPMENT_TEAM = SPANKN7XYM;
				DYLIB_COMPATIBILITY_VERSION = 1;
				DYLIB_CURRENT_VERSION = 1;
				DYLIB_INSTALL_NAME_BASE = "@rpath";
				INFOPLIST_FILE = GiphySDK/Info.plist;
				INSTALL_PATH = "$(LOCAL_LIBRARY_DIR)/Frameworks";
				IPHONEOS_DEPLOYMENT_TARGET = 12.0;
				LD_RUNPATH_SEARCH_PATHS = (
					"$(inherited)",
					"@executable_path/Frameworks",
					"@loader_path/Frameworks",
				);
				PRODUCT_BUNDLE_IDENTIFIER = "Core-se.GiphySDK";
				PRODUCT_NAME = "$(TARGET_NAME:c99extidentifier)";
				SKIP_INSTALL = YES;
				SUPPORTS_MACCATALYST = NO;
				SWIFT_VERSION = 5.0;
				TARGETED_DEVICE_FAMILY = "1,2";
			};
			name = Release;
		};
/* End XCBuildConfiguration section */

/* Begin XCConfigurationList section */
		22BB8BD4253EF02000A52F9C /* Build configuration list for PBXProject "GiphySDK" */ = {
			isa = XCConfigurationList;
			buildConfigurations = (
				22BB8BEC253EF02000A52F9C /* Debug */,
				22BB8BED253EF02000A52F9C /* Release */,
			);
			defaultConfigurationIsVisible = 0;
			defaultConfigurationName = Release;
		};
		22BB8BEE253EF02000A52F9C /* Build configuration list for PBXNativeTarget "GiphySDK" */ = {
			isa = XCConfigurationList;
			buildConfigurations = (
				22BB8BEF253EF02000A52F9C /* Debug */,
				22BB8BF0253EF02000A52F9C /* Release */,
			);
			defaultConfigurationIsVisible = 0;
			defaultConfigurationName = Release;
		};
/* End XCConfigurationList section */
	};
	rootObject = 22BB8BD1253EF02000A52F9C /* Project object */;
}
